
Microsoft Visual Studio Solution File, Format Version 12.00
# Visual Studio Version 17
VisualStudioVersion = 17.4.33213.308
MinimumVisualStudioVersion = 10.0.40219.1
Project("{9A19103F-16F7-4668-BE54-9A1E7A4F7556}") = "TodoApp", "TodoApp.csproj", "{3DAA9CA6-ABBD-434E-80C1-A47168F2ED5B}"
EndProject
Global
	GlobalSection(SolutionConfigurationPlatforms) = preSolution
		Debug|Any CPU = Debug|Any CPU
		Release|Any CPU = Release|Any CPU
	EndGlobalSection
	GlobalSection(ProjectConfigurationPlatforms) = postSolution
		{3DAA9CA6-ABBD-434E-80C1-A47168F2ED5B}.Debug|Any CPU.ActiveCfg = Debug|Any CPU
		{3DAA9CA6-ABBD-434E-80C1-A47168F2ED5B}.Debug|Any CPU.Build.0 = Debug|Any CPU
		{3DAA9CA6-ABBD-434E-80C1-A47168F2ED5B}.Release|Any CPU.ActiveCfg = Release|Any CPU
		{3DAA9CA6-ABBD-434E-80C1-A47168F2ED5B}.Release|Any CPU.Build.0 = Release|Any CPU
	EndGlobalSection
	GlobalSection(SolutionProperties) = preSolution
		HideSolutionNode = FALSE
	EndGlobalSection
	GlobalSection(ExtensibilityGlobals) = postSolution
		SolutionGuid = {CD8A8547-3FF6-4045-9364-9361D1BB2E52}
	EndGlobalSection
EndGlobal
